# THIS IS AN AUTOGENERATED FILE. DO NOT EDIT THIS FILE DIRECTLY.
# yarn lockfile v1


"@alloc/quick-lru@^5.2.0":
  version "5.2.0"
  resolved "https://registry.yarnpkg.com/@alloc/quick-lru/-/quick-lru-5.2.0.tgz#7bf68b20c0a350f936915fcae06f58e32007ce30"
  integrity sha512-UrcABB+4bUrFABwbluTIBErXwvbsU/V7TZWfmbgJfbkwiBuziS9gxdODUyuiecfdGQ85jglMW6juS3+z5TsKLw==

"@emnapi/core@^1.8.1":
  version "1.10.0"
  resolved "https://registry.yarnpkg.com/@emnapi/core/-/core-1.10.0.tgz#380ccc8f2412ea22d1d972df7f8ee23a3b9c7467"
  integrity sha512-yq6OkJ4p82CAfPl0u9mQebQHKPJkY7WrIuk205cTYnYe+k2Z8YBh11FrbRG/H6ihirqcacOgl2BIO8oyMQLeXw==
  dependencies:
    "@emnapi/wasi-threads" "1.2.1"
    tslib "^2.4.0"

"@emnapi/runtime@^1.8.1":
  version "1.10.0"
  resolved "https://registry.yarnpkg.com/@emnapi/runtime/-/runtime-1.10.0.tgz#4b260c0d3534204e98c6110b8db1a987d26ec87c"
  integrity sha512-ewvYlk86xUoGI0zQRNq/mC+16R1QeDlKQy21Ki3oSYXNgLb45GV1P6A0M+/s6nyCuNDqe5VpaY84BzXGwVbwFA==
  dependencies:
    tslib "^2.4.0"

"@emnapi/wasi-threads@1.2.1", "@emnapi/wasi-threads@^1.1.0":
  version "1.2.1"
  resolved "https://registry.yarnpkg.com/@emnapi/wasi-threads/-/wasi-threads-1.2.1.tgz#28fed21a1ba1ce797c44a070abc94d42f3ae8548"
  integrity sha512-uTII7OYF+/Mes/MrcIOYp5yOtSMLBWSIoLPpcgwipoiKbli6k322tcoFsxoIIxPDqW01SQGAgko4EzZi2BNv2w==
  dependencies:
    tslib "^2.4.0"

"@jridgewell/gen-mapping@^0.3.5":
  version "0.3.13"
  resolved "https://registry.yarnpkg.com/@jridgewell/gen-mapping/-/gen-mapping-0.3.13.tgz#6342a19f44347518c93e43b1ac69deb3c4656a1f"
  integrity sha512-2kkt/7niJ6MgEPxF0bYdQ6etZaA+fQvDcLKckhy1yIQOzaoKjBBjSj63/aLVjYE3qhRt5dvM+uUyfCg6UKCBbA==
  dependencies:
    "@jridgewell/sourcemap-codec" "^1.5.0"
    "@jridgewell/trace-mapping" "^0.3.24"

"@jridgewell/remapping@^2.3.5":
  version "2.3.5"
  resolved "https://registry.yarnpkg.com/@jridgewell/remapping/-/remapping-2.3.5.tgz#375c476d1972947851ba1e15ae8f123047445aa1"
  integrity sha512-LI9u/+laYG4Ds1TDKSJW2YPrIlcVYOwi2fUC6xB43lueCjgxV4lffOCZCtYFiH6TNOX+tQKXx97T4IKHbhyHEQ==
  dependencies:
    "@jridgewell/gen-mapping" "^0.3.5"
    "@jridgewell/trace-mapping" "^0.3.24"

"@jridgewell/resolve-uri@^3.1.0":
  version "3.1.2"
  resolved "https://registry.yarnpkg.com/@jridgewell/resolve-uri/-/resolve-uri-3.1.2.tgz#7a0ee601f60f99a20c7c7c5ff0c80388c1189bd6"
  integrity sha512-bRISgCIjP20/tbWSPWMEi54QVPRZExkuD9lJL+UIxUKtwVJA8wW1Trb1jMs1RFXo1CBTNZ/5hpC9QvmKWdopKw==

"@jridgewell/sourcemap-codec@^1.4.14", "@jridgewell/sourcemap-codec@^1.5.0", "@jridgewell/sourcemap-codec@^1.5.5":
  version "1.5.5"
  resolved "https://registry.yarnpkg.com/@jridgewell/sourcemap-codec/-/sourcemap-codec-1.5.5.tgz#6912b00d2c631c0d15ce1a7ab57cd657f2a8f8ba"
  integrity sha512-cYQ9310grqxueWbl+WuIUIaiUaDcj7WOq5fVhEljNVgRfOUhY9fy2zTvfoqWsnebh8Sl70VScFbICvJnLKB0Og==

"@jridgewell/trace-mapping@^0.3.24":
  version "0.3.31"
  resolved "https://registry.yarnpkg.com/@jridgewell/trace-mapping/-/trace-mapping-0.3.31.tgz#db15d6781c931f3a251a3dac39501c98a6082fd0"
  integrity sha512-zzNR+SdQSDJzc8joaeP8QQoCQr8NuYx2dIIytl1QeBEZHJ9uW6hebsrYgbz8hJwUQao3TWCMtmfV8Nu1twOLAw==
  dependencies:
    "@jridgewell/resolve-uri" "^3.1.0"
    "@jridgewell/sourcemap-codec" "^1.4.14"

"@napi-rs/wasm-runtime@^1.1.1":
  version "1.1.4"
  resolved "https://registry.yarnpkg.com/@napi-rs/wasm-runtime/-/wasm-runtime-1.1.4.tgz#a46bbfedc29751b7170c5d23bc1d8ee8c7e3c1e1"
  integrity sha512-3NQNNgA1YSlJb/kMH1ildASP9HW7/7kYnRI2szWJaofaS1hWmbGI4H+d3+22aGzXXN9IJ+n+GiFVcGipJP18ow==
  dependencies:
    "@tybys/wasm-util" "^0.10.1"

"@popperjs/core@^2.9.0":
  version "2.11.8"
  resolved "https://registry.yarnpkg.com/@popperjs/core/-/core-2.11.8.tgz#6b79032e760a0899cd4204710beede972a3a185f"
  integrity sha512-P1st0aksCrn9sGZhp8GMYwBnQsbvAWsZAX44oXNNvLHGqAOcoVxmjZiohstwQ7SqKnbR47akdNi+uleWD8+g6A==

"@sindresorhus/slugify@sindresorhus/slugify":
  version "3.0.0"
  resolved "https://codeload.github.com/sindresorhus/slugify/tar.gz/7c318bd1aa4b4affab29761f15a9604323fe2a3b"
  dependencies:
    "@sindresorhus/transliterate" "^2.0.0"
    escape-string-regexp "^5.0.0"

"@sindresorhus/transliterate@^2.0.0":
  version "2.3.1"
  resolved "https://registry.yarnpkg.com/@sindresorhus/transliterate/-/transliterate-2.3.1.tgz#7e966f361930e633782e9028b6cec2f6ce982124"
  integrity sha512-gVaaGtKYMYAMmI8buULVH3A2TXVJ98QiwGwI7ddrWGuGidGC2uRt4FHs22+8iROJ0QTzju9CuMjlVsrvpqsdhA==

"@tailwindcss/node@4.2.2":
  version "4.2.2"
  resolved "https://registry.yarnpkg.com/@tailwindcss/node/-/node-4.2.2.tgz#840e904226dc1b379609de8a72323fc211568993"
  integrity sha512-pXS+wJ2gZpVXqFaUEjojq7jzMpTGf8rU6ipJz5ovJV6PUGmlJ+jvIwGrzdHdQ80Sg+wmQxUFuoW1UAAwHNEdFA==
  dependencies:
    "@jridgewell/remapping" "^2.3.5"
    enhanced-resolve "^5.19.0"
    jiti "^2.6.1"
    lightningcss "1.32.0"
    magic-string "^0.30.21"
    source-map-js "^1.2.1"
    tailwindcss "4.2.2"

"@tailwindcss/oxide-android-arm64@4.2.2":
  version "4.2.2"
  resolved "https://registry.yarnpkg.com/@tailwindcss/oxide-android-arm64/-/oxide-android-arm64-4.2.2.tgz#61d9ec5c18394fe7a972e99e19e6065e833da77c"
  integrity sha512-dXGR1n+P3B6748jZO/SvHZq7qBOqqzQ+yFrXpoOWWALWndF9MoSKAT3Q0fYgAzYzGhxNYOoysRvYlpixRBBoDg==

"@tailwindcss/oxide-darwin-arm64@4.2.2":
  version "4.2.2"
  resolved "https://registry.yarnpkg.com/@tailwindcss/oxide-darwin-arm64/-/oxide-darwin-arm64-4.2.2.tgz#9ad7b141789dae235c85d2f7874592bf869f636e"
  integrity sha512-iq9Qjr6knfMpZHj55/37ouZeykwbDqF21gPFtfnhCCKGDcPI/21FKC9XdMO/XyBM7qKORx6UIhGgg6jLl7BZlg==

"@tailwindcss/oxide-darwin-x64@4.2.2":
  version "4.2.2"
  resolved "https://registry.yarnpkg.com/@tailwindcss/oxide-darwin-x64/-/oxide-darwin-x64-4.2.2.tgz#a5899f1fbe55c4eddcbc871b835d5183ba34658c"
  integrity sha512-BlR+2c3nzc8f2G639LpL89YY4bdcIdUmiOOkv2GQv4/4M0vJlpXEa0JXNHhCHU7VWOKWT/CjqHdTP8aUuDJkuw==

"@tailwindcss/oxide-freebsd-x64@4.2.2":
  version "4.2.2"
  resolved "https://registry.yarnpkg.com/@tailwindcss/oxide-freebsd-x64/-/oxide-freebsd-x64-4.2.2.tgz#76185bb1bea9af915a5b9f465323861646587e21"
  integrity sha512-YUqUgrGMSu2CDO82hzlQ5qSb5xmx3RUrke/QgnoEx7KvmRJHQuZHZmZTLSuuHwFf0DJPybFMXMYf+WJdxHy/nQ==

"@tailwindcss/oxide-linux-arm-gnueabihf@4.2.2":
  version "4.2.2"
  resolved "https://registry.yarnpkg.com/@tailwindcss/oxide-linux-arm-gnueabihf/-/oxide-linux-arm-gnueabihf-4.2.2.tgz#74c17c69b2015f7600d566ab0990aaac8701128e"
  integrity sha512-FPdhvsW6g06T9BWT0qTwiVZYE2WIFo2dY5aCSpjG/S/u1tby+wXoslXS0kl3/KXnULlLr1E3NPRRw0g7t2kgaQ==

"@tailwindcss/oxide-linux-arm64-gnu@4.2.2":
  version "4.2.2"
  resolved "https://registry.yarnpkg.com/@tailwindcss/oxide-linux-arm64-gnu/-/oxide-linux-arm64-gnu-4.2.2.tgz#38a846d9d5795bc3b57951172044d8dbb3c79aa6"
  integrity sha512-4og1V+ftEPXGttOO7eCmW7VICmzzJWgMx+QXAJRAhjrSjumCwWqMfkDrNu1LXEQzNAwz28NCUpucgQPrR4S2yw==

"@tailwindcss/oxide-linux-arm64-musl@4.2.2":
  version "4.2.2"
  resolved "https://registry.yarnpkg.com/@tailwindcss/oxide-linux-arm64-musl/-/oxide-linux-arm64-musl-4.2.2.tgz#f4cc4129c17d3f2bcb01efef4d7a2f381e5e3f53"
  integrity sha512-oCfG/mS+/+XRlwNjnsNLVwnMWYH7tn/kYPsNPh+JSOMlnt93mYNCKHYzylRhI51X+TbR+ufNhhKKzm6QkqX8ag==

"@tailwindcss/oxide-linux-x64-gnu@4.2.2":
  version "4.2.2"
  resolved "https://registry.yarnpkg.com/@tailwindcss/oxide-linux-x64-gnu/-/oxide-linux-x64-gnu-4.2.2.tgz#7c4a00b0829e12736bd72ec74e1c08205448cc2e"
  integrity sha512-rTAGAkDgqbXHNp/xW0iugLVmX62wOp2PoE39BTCGKjv3Iocf6AFbRP/wZT/kuCxC9QBh9Pu8XPkv/zCZB2mcMg==

"@tailwindcss/oxide-linux-x64-musl@4.2.2":
  version "4.2.2"
  resolved "https://registry.yarnpkg.com/@tailwindcss/oxide-linux-x64-musl/-/oxide-linux-x64-musl-4.2.2.tgz#711756d7bbe97e221fc041b63a4f385b85ba4321"
  integrity sha512-XW3t3qwbIwiSyRCggeO2zxe3KWaEbM0/kW9e8+0XpBgyKU4ATYzcVSMKteZJ1iukJ3HgHBjbg9P5YPRCVUxlnQ==

"@tailwindcss/oxide-wasm32-wasi@4.2.2":
  version "4.2.2"
  resolved "https://registry.yarnpkg.com/@tailwindcss/oxide-wasm32-wasi/-/oxide-wasm32-wasi-4.2.2.tgz#ed6d28567b7abb8505f824457c236d2cd07ee18e"
  integrity sha512-eKSztKsmEsn1O5lJ4ZAfyn41NfG7vzCg496YiGtMDV86jz1q/irhms5O0VrY6ZwTUkFy/EKG3RfWgxSI3VbZ8Q==
  dependencies:
    "@emnapi/core" "^1.8.1"
    "@emnapi/runtime" "^1.8.1"
    "@emnapi/wasi-threads" "^1.1.0"
    "@napi-rs/wasm-runtime" "^1.1.1"
    "@tybys/wasm-util" "^0.10.1"
    tslib "^2.8.1"

"@tailwindcss/oxide-win32-arm64-msvc@4.2.2":
  version "4.2.2"
  resolved "https://registry.yarnpkg.com/@tailwindcss/oxide-win32-arm64-msvc/-/oxide-win32-arm64-msvc-4.2.2.tgz#f2d0360e5bc06fe201537fb08193d3780e7dd24f"
  integrity sha512-qPmaQM4iKu5mxpsrWZMOZRgZv1tOZpUm+zdhhQP0VhJfyGGO3aUKdbh3gDZc/dPLQwW4eSqWGrrcWNBZWUWaXQ==

"@tailwindcss/oxide-win32-x64-msvc@4.2.2":
  version "4.2.2"
  resolved "https://registry.yarnpkg.com/@tailwindcss/oxide-win32-x64-msvc/-/oxide-win32-x64-msvc-4.2.2.tgz#10fc71b73883f9c3999b5b8c338fd96a45240dcb"
  integrity sha512-1T/37VvI7WyH66b+vqHj/cLwnCxt7Qt3WFu5Q8hk65aOvlwAhs7rAp1VkulBJw/N4tMirXjVnylTR72uI0HGcA==

"@tailwindcss/oxide@4.2.2":
  version "4.2.2"
  resolved "https://registry.yarnpkg.com/@tailwindcss/oxide/-/oxide-4.2.2.tgz#c6534cb4b22650df605a58258235523a6abd7de8"
  integrity sha512-qEUA07+E5kehxYp9BVMpq9E8vnJuBHfJEC0vPC5e7iL/hw7HR61aDKoVoKzrG+QKp56vhNZe4qwkRmMC0zDLvg==
  optionalDependencies:
    "@tailwindcss/oxide-android-arm64" "4.2.2"
    "@tailwindcss/oxide-darwin-arm64" "4.2.2"
    "@tailwindcss/oxide-darwin-x64" "4.2.2"
    "@tailwindcss/oxide-freebsd-x64" "4.2.2"
    "@tailwindcss/oxide-linux-arm-gnueabihf" "4.2.2"
    "@tailwindcss/oxide-linux-arm64-gnu" "4.2.2"
    "@tailwindcss/oxide-linux-arm64-musl" "4.2.2"
    "@tailwindcss/oxide-linux-x64-gnu" "4.2.2"
    "@tailwindcss/oxide-linux-x64-musl" "4.2.2"
    "@tailwindcss/oxide-wasm32-wasi" "4.2.2"
    "@tailwindcss/oxide-win32-arm64-msvc" "4.2.2"
    "@tailwindcss/oxide-win32-x64-msvc" "4.2.2"

"@tailwindcss/postcss@^4.2.2":
  version "4.2.2"
  resolved "https://registry.yarnpkg.com/@tailwindcss/postcss/-/postcss-4.2.2.tgz#56570116b136f32c135357544fec6776a6a49dfd"
  integrity sha512-n4goKQbW8RVXIbNKRB/45LzyUqN451deQK0nzIeauVEqjlI49slUlgKYJM2QyUzap/PcpnS7kzSUmPb1sCRvYQ==
  dependencies:
    "@alloc/quick-lru" "^5.2.0"
    "@tailwindcss/node" "4.2.2"
    "@tailwindcss/oxide" "4.2.2"
    postcss "^8.5.6"
    tailwindcss "4.2.2"

"@tybys/wasm-util@^0.10.1":
  version "0.10.1"
  resolved "https://registry.yarnpkg.com/@tybys/wasm-util/-/wasm-util-0.10.1.tgz#ecddd3205cf1e2d5274649ff0eedd2991ed7f414"
  integrity sha512-9tTaPJLSiejZKx+Bmog4uSubteqTvFrVrURwkmHixBo0G4seD0zUxp98E1DzUBJxLQ3NPwXrGKDiVjwx/DpPsg==
  dependencies:
    tslib "^2.4.0"

balanced-match@^4.0.2:
  version "4.0.4"
  resolved "https://registry.yarnpkg.com/balanced-match/-/balanced-match-4.0.4.tgz#bfb10662feed8196a2c62e7c68e17720c274179a"
  integrity sha512-BLrgEcRTwX2o6gGxGOCNyMvGSp35YofuYzw9h1IMTRmKqttAZZVU67bdb9Pr2vUHA8+j3i2tJfjO6C6+4myGTA==

body-scroll-lock@4.0.0-beta.0:
  version "4.0.0-beta.0"
  resolved "https://registry.yarnpkg.com/body-scroll-lock/-/body-scroll-lock-4.0.0-beta.0.tgz#4f78789d10e6388115c0460cd6d7d4dd2bbc4f7e"
  integrity sha512-a7tP5+0Mw3YlUJcGAKUqIBkYYGlYxk2fnCasq/FUph1hadxlTRjF+gAcZksxANnaMnALjxEddmSi/H3OR8ugcQ==

brace-expansion@^5.0.5:
  version "5.0.5"
  resolved "https://registry.yarnpkg.com/brace-expansion/-/brace-expansion-5.0.5.tgz#dcc3a37116b79f3e1b46db994ced5d570e930fdb"
  integrity sha512-VZznLgtwhn+Mact9tfiwx64fA9erHH/MCXEUfB/0bX/6Fz6ny5EGTXYltMocqg4xFAQZtnO3DHWWXi8RiuN7cQ==
  dependencies:
    balanced-match "^4.0.2"

detect-libc@^2.0.3:
  version "2.1.2"
  resolved "https://registry.yarnpkg.com/detect-libc/-/detect-libc-2.1.2.tgz#689c5dcdc1900ef5583a4cb9f6d7b473742074ad"
  integrity sha512-Btj2BOOO83o3WyH59e8MgXsxEQVcarkUOpEYrubB0urwnN10yQ364rsiByU11nZlqWYZm05i/of7io4mzihBtQ==

enhanced-resolve@^5.19.0:
  version "5.20.1"
  resolved "https://registry.yarnpkg.com/enhanced-resolve/-/enhanced-resolve-5.20.1.tgz#eeeb3966bea62c348c40a0cc9e7912e2557d0be0"
  integrity sha512-Qohcme7V1inbAfvjItgw0EaxVX5q2rdVEZHRBrEQdRZTssLDGsL8Lwrznl8oQ/6kuTJONLaDcGjkNP247XEhcA==
  dependencies:
    graceful-fs "^4.2.4"
    tapable "^2.3.0"

escape-string-regexp@^5.0.0:
  version "5.0.0"
  resolved "https://registry.yarnpkg.com/escape-string-regexp/-/escape-string-regexp-5.0.0.tgz#4683126b500b61762f2dbebace1806e8be31b1c8"
  integrity sha512-/veY75JbMK4j1yjvuUxuVsiS/hr/4iHs9FTT6cgTexxdE0Ly/glccBAkloH/DofkjRbZU3bnoj38mOmhkZ0lHw==

focus-trap@^8.0.1:
  version "8.0.1"
  resolved "https://registry.yarnpkg.com/focus-trap/-/focus-trap-8.0.1.tgz#b3018898086884b82d1eb7c4b37625a501ee2543"
  integrity sha512-9ptSG6z51YQOstI/oN4XuVGP/03u2nh0g//qz7L6zX0i6PZiPnkcf3GenXq7N2hZnASXaMxTPpbKwdI+PFvxlw==
  dependencies:
    tabbable "^6.4.0"

glob@^13.0.6:
  version "13.0.6"
  resolved "https://registry.yarnpkg.com/glob/-/glob-13.0.6.tgz#078666566a425147ccacfbd2e332deb66a2be71d"
  integrity sha512-Wjlyrolmm8uDpm/ogGyXZXb1Z+Ca2B8NbJwqBVg0axK9GbBeoS7yGV6vjXnYdGm6X53iehEuxxbyiKp8QmN4Vw==
  dependencies:
    minimatch "^10.2.2"
    minipass "^7.1.3"
    path-scurry "^2.0.2"

graceful-fs@^4.2.4:
  version "4.2.11"
  resolved "https://registry.yarnpkg.com/graceful-fs/-/graceful-fs-4.2.11.tgz#4183e4e8bf08bb6e05bbb2f7d2e0c8f712ca40e3"
  integrity sha512-RbJ5/jmFcNNCcDV5o9eTnBLJ/HszWV0P73bc+Ff4nS/rJj+YaS6IGyiOL0VoBYX+l1Wrl3k63h/KrH+nhJ0XvQ==

jiti@^2.6.1:
  version "2.6.1"
  resolved "https://registry.yarnpkg.com/jiti/-/jiti-2.6.1.tgz#178ef2fc9a1a594248c20627cd820187a4d78d92"
  integrity sha512-ekilCSN1jwRvIbgeg/57YFh8qQDNbwDb9xT/qu2DAHbFFZUicIl4ygVaAvzveMhMVr3LnpSKTNnwt8PoOfmKhQ==

lightningcss-android-arm64@1.32.0:
  version "1.32.0"
  resolved "https://registry.yarnpkg.com/lightningcss-android-arm64/-/lightningcss-android-arm64-1.32.0.tgz#f033885116dfefd9c6f54787523e3514b61e1968"
  integrity sha512-YK7/ClTt4kAK0vo6w3X+Pnm0D2cf2vPHbhOXdoNti1Ga0al1P4TBZhwjATvjNwLEBCnKvjJc2jQgHXH0NEwlAg==

lightningcss-darwin-arm64@1.32.0:
  version "1.32.0"
  resolved "https://registry.yarnpkg.com/lightningcss-darwin-arm64/-/lightningcss-darwin-arm64-1.32.0.tgz#50b71871b01c8199584b649e292547faea7af9b5"
  integrity sha512-RzeG9Ju5bag2Bv1/lwlVJvBE3q6TtXskdZLLCyfg5pt+HLz9BqlICO7LZM7VHNTTn/5PRhHFBSjk5lc4cmscPQ==

lightningcss-darwin-x64@1.32.0:
  version "1.32.0"
  resolved "https://registry.yarnpkg.com/lightningcss-darwin-x64/-/lightningcss-darwin-x64-1.32.0.tgz#35f3e97332d130b9ca181e11b568ded6aebc6d5e"
  integrity sha512-U+QsBp2m/s2wqpUYT/6wnlagdZbtZdndSmut/NJqlCcMLTWp5muCrID+K5UJ6jqD2BFshejCYXniPDbNh73V8w==

lightningcss-freebsd-x64@1.32.0:
  version "1.32.0"
  resolved "https://registry.yarnpkg.com/lightningcss-freebsd-x64/-/lightningcss-freebsd-x64-1.32.0.tgz#9777a76472b64ed6ff94342ad64c7bafd794a575"
  integrity sha512-JCTigedEksZk3tHTTthnMdVfGf61Fky8Ji2E4YjUTEQX14xiy/lTzXnu1vwiZe3bYe0q+SpsSH/CTeDXK6WHig==

lightningcss-linux-arm-gnueabihf@1.32.0:
  version "1.32.0"
  resolved "https://registry.yarnpkg.com/lightningcss-linux-arm-gnueabihf/-/lightningcss-linux-arm-gnueabihf-1.32.0.tgz#13ae652e1ab73b9135d7b7da172f666c410ad53d"
  integrity sha512-x6rnnpRa2GL0zQOkt6rts3YDPzduLpWvwAF6EMhXFVZXD4tPrBkEFqzGowzCsIWsPjqSK+tyNEODUBXeeVHSkw==

lightningcss-linux-arm64-gnu@1.32.0:
  version "1.32.0"
  resolved "https://registry.yarnpkg.com/lightningcss-linux-arm64-gnu/-/lightningcss-linux-arm64-gnu-1.32.0.tgz#417858795a94592f680123a1b1f9da8a0e1ef335"
  integrity sha512-0nnMyoyOLRJXfbMOilaSRcLH3Jw5z9HDNGfT/gwCPgaDjnx0i8w7vBzFLFR1f6CMLKF8gVbebmkUN3fa/kQJpQ==

lightningcss-linux-arm64-musl@1.32.0:
  version "1.32.0"
  resolved "https://registry.yarnpkg.com/lightningcss-linux-arm64-musl/-/lightningcss-linux-arm64-musl-1.32.0.tgz#6be36692e810b718040802fd809623cffe732133"
  integrity sha512-UpQkoenr4UJEzgVIYpI80lDFvRmPVg6oqboNHfoH4CQIfNA+HOrZ7Mo7KZP02dC6LjghPQJeBsvXhJod/wnIBg==

lightningcss-linux-x64-gnu@1.32.0:
  version "1.32.0"
  resolved "https://registry.yarnpkg.com/lightningcss-linux-x64-gnu/-/lightningcss-linux-x64-gnu-1.32.0.tgz#0b7803af4eb21cfd38dd39fe2abbb53c7dd091f6"
  integrity sha512-V7Qr52IhZmdKPVr+Vtw8o+WLsQJYCTd8loIfpDaMRWGUZfBOYEJeyJIkqGIDMZPwPx24pUMfwSxxI8phr/MbOA==

lightningcss-linux-x64-musl@1.32.0:
  version "1.32.0"
  resolved "https://registry.yarnpkg.com/lightningcss-linux-x64-musl/-/lightningcss-linux-x64-musl-1.32.0.tgz#88dc8ba865ddddb1ac5ef04b0f161804418c163b"
  integrity sha512-bYcLp+Vb0awsiXg/80uCRezCYHNg1/l3mt0gzHnWV9XP1W5sKa5/TCdGWaR/zBM2PeF/HbsQv/j2URNOiVuxWg==

lightningcss-win32-arm64-msvc@1.32.0:
  version "1.32.0"
  resolved "https://registry.yarnpkg.com/lightningcss-win32-arm64-msvc/-/lightningcss-win32-arm64-msvc-1.32.0.tgz#4f30ba3fa5e925f5b79f945e8cc0d176c3b1ab38"
  integrity sha512-8SbC8BR40pS6baCM8sbtYDSwEVQd4JlFTOlaD3gWGHfThTcABnNDBda6eTZeqbofalIJhFx0qKzgHJmcPTnGdw==

lightningcss-win32-x64-msvc@1.32.0:
  version "1.32.0"
  resolved "https://registry.yarnpkg.com/lightningcss-win32-x64-msvc/-/lightningcss-win32-x64-msvc-1.32.0.tgz#141aa5605645064928902bb4af045fa7d9f4220a"
  integrity sha512-Amq9B/SoZYdDi1kFrojnoqPLxYhQ4Wo5XiL8EVJrVsB8ARoC1PWW6VGtT0WKCemjy8aC+louJnjS7U18x3b06Q==

lightningcss@1.32.0:
  version "1.32.0"
  resolved "https://registry.yarnpkg.com/lightningcss/-/lightningcss-1.32.0.tgz#b85aae96486dcb1bf49a7c8571221273f4f1e4a9"
  integrity sha512-NXYBzinNrblfraPGyrbPoD19C1h9lfI/1mzgWYvXUTe414Gz/X1FD2XBZSZM7rRTrMA8JL3OtAaGifrIKhQ5yQ==
  dependencies:
    detect-libc "^2.0.3"
  optionalDependencies:
    lightningcss-android-arm64 "1.32.0"
    lightningcss-darwin-arm64 "1.32.0"
    lightningcss-darwin-x64 "1.32.0"
    lightningcss-freebsd-x64 "1.32.0"
    lightningcss-linux-arm-gnueabihf "1.32.0"
    lightningcss-linux-arm64-gnu "1.32.0"
    lightningcss-linux-arm64-musl "1.32.0"
    lightningcss-linux-x64-gnu "1.32.0"
    lightningcss-linux-x64-musl "1.32.0"
    lightningcss-win32-arm64-msvc "1.32.0"
    lightningcss-win32-x64-msvc "1.32.0"

lru-cache@^11.0.0:
  version "11.3.5"
  resolved "https://registry.yarnpkg.com/lru-cache/-/lru-cache-11.3.5.tgz#29047d348c0b2793e3112a01c739bb7c6d855637"
  integrity sha512-NxVFwLAnrd9i7KUBxC4DrUhmgjzOs+1Qm50D3oF1/oL+r1NpZ4gA7xvG0/zJ8evR7zIKn4vLf7qTNduWFtCrRw==

magic-string@^0.30.21:
  version "0.30.21"
  resolved "https://registry.yarnpkg.com/magic-string/-/magic-string-0.30.21.tgz#56763ec09a0fa8091df27879fd94d19078c00d91"
  integrity sha512-vd2F4YUyEXKGcLHoq+TEyCjxueSeHnFxyyjNp80yg0XV4vUhnDer/lvvlqM/arB5bXQN5K2/3oinyCRyx8T2CQ==
  dependencies:
    "@jridgewell/sourcemap-codec" "^1.5.5"

minimatch@^10.2.2:
  version "10.2.5"
  resolved "https://registry.yarnpkg.com/minimatch/-/minimatch-10.2.5.tgz#bd48687a0be38ed2961399105600f832095861d1"
  integrity sha512-MULkVLfKGYDFYejP07QOurDLLQpcjk7Fw+7jXS2R2czRQzR56yHRveU5NDJEOviH+hETZKSkIk5c+T23GjFUMg==
  dependencies:
    brace-expansion "^5.0.5"

minipass@^7.1.2, minipass@^7.1.3:
  version "7.1.3"
  resolved "https://registry.yarnpkg.com/minipass/-/minipass-7.1.3.tgz#79389b4eb1bb2d003a9bba87d492f2bd37bdc65b"
  integrity sha512-tEBHqDnIoM/1rXME1zgka9g6Q2lcoCkxHLuc7ODJ5BxbP5d4c2Z5cGgtXAku59200Cx7diuHTOYfSBD8n6mm8A==

nanoid@^3.3.11:
  version "3.3.11"
  resolved "https://registry.yarnpkg.com/nanoid/-/nanoid-3.3.11.tgz#4f4f112cefbe303202f2199838128936266d185b"
  integrity sha512-N8SpfPUnUp1bK+PMYW8qSWdl9U+wwNWI4QKxOYDy9JAro3WMX7p2OeVRF9v+347pnakNevPmiHhNmZ2HbFA76w==

path-scurry@^2.0.2:
  version "2.0.2"
  resolved "https://registry.yarnpkg.com/path-scurry/-/path-scurry-2.0.2.tgz#6be0d0ee02a10d9e0de7a98bae65e182c9061f85"
  integrity sha512-3O/iVVsJAPsOnpwWIeD+d6z/7PmqApyQePUtCndjatj/9I5LylHvt5qluFaBT3I5h3r1ejfR056c+FCv+NnNXg==
  dependencies:
    lru-cache "^11.0.0"
    minipass "^7.1.2"

picocolors@^1.1.1:
  version "1.1.1"
  resolved "https://registry.yarnpkg.com/picocolors/-/picocolors-1.1.1.tgz#3d321af3eab939b083c8f929a1d12cda81c26b6b"
  integrity sha512-xceH2snhtb5M9liqDsmEw56le376mTZkEX/jEb/RxNFyegNul7eNslCXP9FDj/Lcu0X8KEyMceP2ntpaHrDEVA==

postcss@^8.5.6:
  version "8.5.10"
  resolved "https://registry.yarnpkg.com/postcss/-/postcss-8.5.10.tgz#8992d8c30acf3f12169e7c09514a12fed7e48356"
  integrity sha512-pMMHxBOZKFU6HgAZ4eyGnwXF/EvPGGqUr0MnZ5+99485wwW41kW91A4LOGxSHhgugZmSChL5AlElNdwlNgcnLQ==
  dependencies:
    nanoid "^3.3.11"
    picocolors "^1.1.1"
    source-map-js "^1.2.1"

prettier@^3.8.3:
  version "3.8.3"
  resolved "https://registry.yarnpkg.com/prettier/-/prettier-3.8.3.tgz#560f2de55bf01b4c0503bc629d5df99b9a1d09b0"
  integrity sha512-7igPTM53cGHMW8xWuVTydi2KO233VFiTNyF5hLJqpilHfmn8C8gPf+PS7dUT64YcXFbiMGZxS9pCSxL/Dxm/Jw==

source-map-js@^1.2.1:
  version "1.2.1"
  resolved "https://registry.yarnpkg.com/source-map-js/-/source-map-js-1.2.1.tgz#1ce5650fddd87abc099eda37dcff024c2667ae46"
  integrity sha512-UXWMKhLOwVKb728IUtQPXxfYU+usdybtUrK/8uGE8CQMvrhOpwvzDBwj0QhSL7MQc7vIsISBG8VQ8+IDQxpfQA==

tabbable@^6.4.0:
  version "6.4.0"
  resolved "https://registry.yarnpkg.com/tabbable/-/tabbable-6.4.0.tgz#36eb7a06d80b3924a22095daf45740dea3bf5581"
  integrity sha512-05PUHKSNE8ou2dwIxTngl4EzcnsCDZGJ/iCLtDflR/SHB/ny14rXc+qU5P4mG9JkusiV7EivzY9Mhm55AzAvCg==

tailwindcss@4.2.2, tailwindcss@^4.2.2:
  version "4.2.2"
  resolved "https://registry.yarnpkg.com/tailwindcss/-/tailwindcss-4.2.2.tgz#688fb0751c8ca9044e890546510a2ee817308e87"
  integrity sha512-KWBIxs1Xb6NoLdMVqhbhgwZf2PGBpPEiwOqgI4pFIYbNTfBXiKYyWoTsXgBQ9WFg/OlhnvHaY+AEpW7wSmFo2Q==

tapable@^2.3.0:
  version "2.3.2"
  resolved "https://registry.yarnpkg.com/tapable/-/tapable-2.3.2.tgz#86755feabad08d82a26b891db044808c6ad00f15"
  integrity sha512-1MOpMXuhGzGL5TTCZFItxCc0AARf1EZFQkGqMm7ERKj8+Hgr5oLvJOVFcC+lRmR8hCe2S3jC4T5D7Vg/d7/fhA==

tippy.js@^6.3.7:
  version "6.3.7"
  resolved "https://registry.yarnpkg.com/tippy.js/-/tippy.js-6.3.7.tgz#8ccfb651d642010ed9a32ff29b0e9e19c5b8c61c"
  integrity sha512-E1d3oP2emgJ9dRQZdf3Kkn0qJgI6ZLpyS5z6ZkY1DF3kaQaBsGZsndEpHwx+eC+tYM41HaSNvNtLx8tU57FzTQ==
  dependencies:
    "@popperjs/core" "^2.9.0"

tslib@^2.4.0, tslib@^2.8.1:
  version "2.8.1"
  resolved "https://registry.yarnpkg.com/tslib/-/tslib-2.8.1.tgz#612efe4ed235d567e8aba5f2a5fab70280ade83f"
  integrity sha512-oJFu94HQb+KVduSUQL7wnpmqnfmLsOA/nAh6b6EH0wCEoK0/mPeXU6c3wKDV83MkOuHPRHtSXKKU99IBazS/2w==
